
Microsoft Visual Studio Solution File, Format Version 12.00
# Visual Studio 15
VisualStudioVersion = 15.0.27130.2010
MinimumVisualStudioVersion = 10.0.40219.1
Project("{9A19103F-16F7-4668-BE54-9A1E7A4F7556}") = "TradingData", "TradingData\TradingData.csproj", "{D615348F-C0AB-4B12-9A2F-AEABA4F1F694}"
EndProject
Global
	GlobalSection(SolutionConfigurationPlatforms) = preSolution
		Debug|Any CPU = Debug|Any CPU
		Release|Any CPU = Release|Any CPU
	EndGlobalSection
	GlobalSection(ProjectConfigurationPlatforms) = postSolution
		{D615348F-C0AB-4B12-9A2F-AEABA4F1F694}.Debug|Any CPU.ActiveCfg = Debug|Any CPU
		{D615348F-C0AB-4B12-9A2F-AEABA4F1F694}.Debug|Any CPU.Build.0 = Debug|Any CPU
		{D615348F-C0AB-4B12-9A2F-AEABA4F1F694}.Release|Any CPU.ActiveCfg = Release|Any CPU
		{D615348F-C0AB-4B12-9A2F-AEABA4F1F694}.Release|Any CPU.Build.0 = Release|Any CPU
	EndGlobalSection
	GlobalSection(SolutionProperties) = preSolution
		HideSolutionNode = FALSE
	EndGlobalSection
	GlobalSection(ExtensibilityGlobals) = postSolution
		SolutionGuid = {DE8EFC82-9172-42E8-8B70-BFF8E437DEB9}
	EndGlobalSection
EndGlobal
